
Microsoft Visual Studio Solution File, Format Version 12.00
# Visual Studio Version 17
VisualStudioVersion = 17.13.35818.85 d17.13
MinimumVisualStudioVersion = 10.0.40219.1
Project("{FAE04EC0-301F-11D3-BF4B-00C04F79EFBC}") = "Dialogger", "Dialogger\Dialogger.csproj", "{15578592-F128-4E37-A06F-1ADEF4C7853E}"
EndProject
Global
	GlobalSection(SolutionConfigurationPlatforms) = preSolution
		Debug|Any CPU = Debug|Any CPU
		Release|Any CPU = Release|Any CPU
	EndGlobalSection
	GlobalSection(ProjectConfigurationPlatforms) = postSolution
		{15578592-F128-4E37-A06F-1ADEF4C7853E}.Debug|Any CPU.ActiveCfg = Debug|Any CPU
		{15578592-F128-4E37-A06F-1ADEF4C7853E}.Debug|Any CPU.Build.0 = Debug|Any CPU
		{15578592-F128-4E37-A06F-1ADEF4C7853E}.Release|Any CPU.ActiveCfg = Release|Any CPU
		{15578592-F128-4E37-A06F-1ADEF4C7853E}.Release|Any CPU.Build.0 = Release|Any CPU
	EndGlobalSection
	GlobalSection(SolutionProperties) = preSolution
		HideSolutionNode = FALSE
	EndGlobalSection
	GlobalSection(ExtensibilityGlobals) = postSolution
		SolutionGuid = {DB50C532-1FE0-455F-9E54-8F25ABF4BB68}
	EndGlobalSection
EndGlobal
